// !$*UTF8*$!
{
	archiveVersion = 1;
	classes = {
	};
	objectVersion = 46;
	objects = {

/* Begin PBXBuildFile section */
		C93641DB1426B98500FBF7A6 /* UIKit.framework in Frameworks */ = {isa = PBXBuildFile; fileRef = C93641DA1426B98500FBF7A6 /* UIKit.framework */; };
		C93641DD1426B98500FBF7A6 /* Foundation.framework in Frameworks */ = {isa = PBXBuildFile; fileRef = C93641DC1426B98500FBF7A6 /* Foundation.framework */; };
		C93641DF1426B98500FBF7A6 /* CoreGraphics.framework in Frameworks */ = {isa = PBXBuildFile; fileRef = C93641DE1426B98500FBF7A6 /* CoreGraphics.framework */; };
		C93641E51426B98500FBF7A6 /* InfoPlist.strings in Resources */ = {isa = PBXBuildFile; fileRef = C93641E31426B98500FBF7A6 /* InfoPlist.strings */; };
		C93641E71426B98500FBF7A6 /* main.m in Sources */ = {isa = PBXBuildFile; fileRef = C93641E61426B98500FBF7A6 /* main.m */; };
		C93641EB1426B98500FBF7A6 /* DataTableAppDelegate.m in Sources */ = {isa = PBXBuildFile; fileRef = C93641EA1426B98500FBF7A6 /* DataTableAppDelegate.m */; };
		C93641EE1426B98500FBF7A6 /* MainWindow.xib in Resources */ = {isa = PBXBuildFile; fileRef = C93641EC1426B98500FBF7A6 /* MainWindow.xib */; };
		C93641FB1426BA5900FBF7A6 /* NTViewController.m in Sources */ = {isa = PBXBuildFile; fileRef = C93641F91426BA5800FBF7A6 /* NTViewController.m */; };
		C93641FC1426BA5900FBF7A6 /* NTViewController.xib in Resources */ = {isa = PBXBuildFile; fileRef = C93641FA1426BA5800FBF7A6 /* NTViewController.xib */; };
		C93642021426BA5E00FBF7A6 /* bootstrap.min.css in Resources */ = {isa = PBXBuildFile; fileRef = C93641FE1426BA5E00FBF7A6 /* bootstrap.min.css */; };
		C93642031426BA5E00FBF7A6 /* data-form.html in Resources */ = {isa = PBXBuildFile; fileRef = C93641FF1426BA5E00FBF7A6 /* data-form.html */; };
		C93642041426BA5E00FBF7A6 /* jquery-1.6.4.min.js in Sources */ = {isa = PBXBuildFile; fileRef = C93642001426BA5E00FBF7A6 /* jquery-1.6.4.min.js */; };
		C93642051426BA5E00FBF7A6 /* template.html in Resources */ = {isa = PBXBuildFile; fileRef = C93642011426BA5E00FBF7A6 /* template.html */; };
		C93642061426BA8700FBF7A6 /* jquery-1.6.4.min.js in Resources */ = {isa = PBXBuildFile; fileRef = C93642001426BA5E00FBF7A6 /* jquery-1.6.4.min.js */; };
/* End PBXBuildFile section */

/* Begin PBXFileReference section */
		C93641D61426B98500FBF7A6 /* DataTable.app */ = {isa = PBXFileReference; explicitFileType = wrapper.application; includeInIndex = 0; path = DataTable.app; sourceTree = BUILT_PRODUCTS_DIR; };
		C93641DA1426B98500FBF7A6 /* UIKit.framework */ = {isa = PBXFileReference; lastKnownFileType = wrapper.framework; name = UIKit.framework; path = System/Library/Frameworks/UIKit.framework; sourceTree = SDKROOT; };
		C93641DC1426B98500FBF7A6 /* Foundation.framework */ = {isa = PBXFileReference; lastKnownFileType = wrapper.framework; name = Foundation.framework; path = System/Library/Frameworks/Foundation.framework; sourceTree = SDKROOT; };
		C93641DE1426B98500FBF7A6 /* CoreGraphics.framework */ = {isa = PBXFileReference; lastKnownFileType = wrapper.framework; name = CoreGraphics.framework; path = System/Library/Frameworks/CoreGraphics.framework; sourceTree = SDKROOT; };
		C93641E21426B98500FBF7A6 /* DataTable-Info.plist */ = {isa = PBXFileReference; lastKnownFileType = text.plist.xml; path = "DataTable-Info.plist"; sourceTree = "<group>"; };
		C93641E41426B98500FBF7A6 /* en */ = {isa = PBXFileReference; lastKnownFileType = text.plist.strings; name = en; path = en.lproj/InfoPlist.strings; sourceTree = "<group>"; };
		C93641E61426B98500FBF7A6 /* main.m */ = {isa = PBXFileReference; lastKnownFileType = sourcecode.c.objc; path = main.m; sourceTree = "<group>"; };
		C93641E81426B98500FBF7A6 /* DataTable-Prefix.pch */ = {isa = PBXFileReference; lastKnownFileType = sourcecode.c.h; path = "DataTable-Prefix.pch"; sourceTree = "<group>"; };
		C93641E91426B98500FBF7A6 /* DataTableAppDelegate.h */ = {isa = PBXFileReference; lastKnownFileType = sourcecode.c.h; path = DataTableAppDelegate.h; sourceTree = "<group>"; };
		C93641EA1426B98500FBF7A6 /* DataTableAppDelegate.m */ = {isa = PBXFileReference; lastKnownFileType = sourcecode.c.objc; path = DataTableAppDelegate.m; sourceTree = "<group>"; };
		C93641ED1426B98500FBF7A6 /* en */ = {isa = PBXFileReference; lastKnownFileType = file.xib; name = en; path = en.lproj/MainWindow.xib; sourceTree = "<group>"; };
		C93641F81426BA5800FBF7A6 /* NTViewController.h */ = {isa = PBXFileReference; fileEncoding = 4; lastKnownFileType = sourcecode.c.h; path = NTViewController.h; sourceTree = "<group>"; };
		C93641F91426BA5800FBF7A6 /* NTViewController.m */ = {isa = PBXFileReference; fileEncoding = 4; lastKnownFileType = sourcecode.c.objc; path = NTViewController.m; sourceTree = "<group>"; };
		C93641FA1426BA5800FBF7A6 /* NTViewController.xib */ = {isa = PBXFileReference; fileEncoding = 4; lastKnownFileType = file.xib; path = NTViewController.xib; sourceTree = "<group>"; };
		C93641FE1426BA5E00FBF7A6 /* bootstrap.min.css */ = {isa = PBXFileReference; fileEncoding = 4; lastKnownFileType = text.css; path = bootstrap.min.css; sourceTree = "<group>"; };
		C93641FF1426BA5E00FBF7A6 /* data-form.html */ = {isa = PBXFileReference; fileEncoding = 4; lastKnownFileType = text.html; path = "data-form.html"; sourceTree = "<group>"; };
		C93642001426BA5E00FBF7A6 /* jquery-1.6.4.min.js */ = {isa = PBXFileReference; fileEncoding = 4; lastKnownFileType = sourcecode.javascript; path = "jquery-1.6.4.min.js"; sourceTree = "<group>"; };
		C93642011426BA5E00FBF7A6 /* template.html */ = {isa = PBXFileReference; fileEncoding = 4; lastKnownFileType = text.html; path = template.html; sourceTree = "<group>"; };
/* End PBXFileReference section */

/* Begin PBXFrameworksBuildPhase section */
		C93641D31426B98500FBF7A6 /* Frameworks */ = {
			isa = PBXFrameworksBuildPhase;
			buildActionMask = 2147483647;
			files = (
				C93641DB1426B98500FBF7A6 /* UIKit.framework in Frameworks */,
				C93641DD1426B98500FBF7A6 /* Foundation.framework in Frameworks */,
				C93641DF1426B98500FBF7A6 /* CoreGraphics.framework in Frameworks */,
			);
			runOnlyForDeploymentPostprocessing = 0;
		};
/* End PBXFrameworksBuildPhase section */

/* Begin PBXGroup section */
		C93641CB1426B98500FBF7A6 = {
			isa = PBXGroup;
			children = (
				C93641E01426B98500FBF7A6 /* DataTable */,
				C93641D91426B98500FBF7A6 /* Frameworks */,
				C93641D71426B98500FBF7A6 /* Products */,
			);
			sourceTree = "<group>";
		};
		C93641D71426B98500FBF7A6 /* Products */ = {
			isa = PBXGroup;
			children = (
				C93641D61426B98500FBF7A6 /* DataTable.app */,
			);
			name = Products;
			sourceTree = "<group>";
		};
		C93641D91426B98500FBF7A6 /* Frameworks */ = {
			isa = PBXGroup;
			children = (
				C93641DA1426B98500FBF7A6 /* UIKit.framework */,
				C93641DC1426B98500FBF7A6 /* Foundation.framework */,
				C93641DE1426B98500FBF7A6 /* CoreGraphics.framework */,
			);
			name = Frameworks;
			sourceTree = "<group>";
		};
		C93641E01426B98500FBF7A6 /* DataTable */ = {
			isa = PBXGroup;
			children = (
				C93641FD1426BA5E00FBF7A6 /* Templates */,
				C93641F81426BA5800FBF7A6 /* NTViewController.h */,
				C93641F91426BA5800FBF7A6 /* NTViewController.m */,
				C93641FA1426BA5800FBF7A6 /* NTViewController.xib */,
				C93641E91426B98500FBF7A6 /* DataTableAppDelegate.h */,
				C93641EA1426B98500FBF7A6 /* DataTableAppDelegate.m */,
				C93641EC1426B98500FBF7A6 /* MainWindow.xib */,
				C93641E11426B98500FBF7A6 /* Supporting Files */,
			);
			path = DataTable;
			sourceTree = "<group>";
		};
		C93641E11426B98500FBF7A6 /* Supporting Files */ = {
			isa = PBXGroup;
			children = (
				C93641E21426B98500FBF7A6 /* DataTable-Info.plist */,
				C93641E31426B98500FBF7A6 /* InfoPlist.strings */,
				C93641E61426B98500FBF7A6 /* main.m */,
				C93641E81426B98500FBF7A6 /* DataTable-Prefix.pch */,
			);
			name = "Supporting Files";
			sourceTree = "<group>";
		};
		C93641FD1426BA5E00FBF7A6 /* Templates */ = {
			isa = PBXGroup;
			children = (
				C93641FE1426BA5E00FBF7A6 /* bootstrap.min.css */,
				C93641FF1426BA5E00FBF7A6 /* data-form.html */,
				C93642001426BA5E00FBF7A6 /* jquery-1.6.4.min.js */,
				C93642011426BA5E00FBF7A6 /* template.html */,
			);
			path = Templates;
			sourceTree = "<group>";
		};
/* End PBXGroup section */

/* Begin PBXNativeTarget section */
		C93641D51426B98500FBF7A6 /* DataTable */ = {
			isa = PBXNativeTarget;
			buildConfigurationList = C93641F11426B98500FBF7A6 /* Build configuration list for PBXNativeTarget "DataTable" */;
			buildPhases = (
				C93641D21426B98500FBF7A6 /* Sources */,
				C93641D31426B98500FBF7A6 /* Frameworks */,
				C93641D41426B98500FBF7A6 /* Resources */,
			);
			buildRules = (
			);
			dependencies = (
			);
			name = DataTable;
			productName = DataTable;
			productReference = C93641D61426B98500FBF7A6 /* DataTable.app */;
			productType = "com.apple.product-type.application";
		};
/* End PBXNativeTarget section */

/* Begin PBXProject section */
		C93641CD1426B98500FBF7A6 /* Project object */ = {
			isa = PBXProject;
			buildConfigurationList = C93641D01426B98500FBF7A6 /* Build configuration list for PBXProject "DataTable" */;
			compatibilityVersion = "Xcode 3.2";
			developmentRegion = English;
			hasScannedForEncodings = 0;
			knownRegions = (
				en,
			);
			mainGroup = C93641CB1426B98500FBF7A6;
			productRefGroup = C93641D71426B98500FBF7A6 /* Products */;
			projectDirPath = "";
			projectRoot = "";
			targets = (
				C93641D51426B98500FBF7A6 /* DataTable */,
			);
		};
/* End PBXProject section */

/* Begin PBXResourcesBuildPhase section */
		C93641D41426B98500FBF7A6 /* Resources */ = {
			isa = PBXResourcesBuildPhase;
			buildActionMask = 2147483647;
			files = (
				C93642061426BA8700FBF7A6 /* jquery-1.6.4.min.js in Resources */,
				C93641E51426B98500FBF7A6 /* InfoPlist.strings in Resources */,
				C93641EE1426B98500FBF7A6 /* MainWindow.xib in Resources */,
				C93641FC1426BA5900FBF7A6 /* NTViewController.xib in Resources */,
				C93642021426BA5E00FBF7A6 /* bootstrap.min.css in Resources */,
				C93642031426BA5E00FBF7A6 /* data-form.html in Resources */,
				C93642051426BA5E00FBF7A6 /* template.html in Resources */,
			);
			runOnlyForDeploymentPostprocessing = 0;
		};
/* End PBXResourcesBuildPhase section */

/* Begin PBXSourcesBuildPhase section */
		C93641D21426B98500FBF7A6 /* Sources */ = {
			isa = PBXSourcesBuildPhase;
			buildActionMask = 2147483647;
			files = (
				C93641E71426B98500FBF7A6 /* main.m in Sources */,
				C93641EB1426B98500FBF7A6 /* DataTableAppDelegate.m in Sources */,
				C93641FB1426BA5900FBF7A6 /* NTViewController.m in Sources */,
				C93642041426BA5E00FBF7A6 /* jquery-1.6.4.min.js in Sources */,
			);
			runOnlyForDeploymentPostprocessing = 0;
		};
/* End PBXSourcesBuildPhase section */

/* Begin PBXVariantGroup section */
		C93641E31426B98500FBF7A6 /* InfoPlist.strings */ = {
			isa = PBXVariantGroup;
			children = (
				C93641E41426B98500FBF7A6 /* en */,
			);
			name = InfoPlist.strings;
			sourceTree = "<group>";
		};
		C93641EC1426B98500FBF7A6 /* MainWindow.xib */ = {
			isa = PBXVariantGroup;
			children = (
				C93641ED1426B98500FBF7A6 /* en */,
			);
			name = MainWindow.xib;
			sourceTree = "<group>";
		};
/* End PBXVariantGroup section */

/* Begin XCBuildConfiguration section */
		C93641EF1426B98500FBF7A6 /* Debug */ = {
			isa = XCBuildConfiguration;
			buildSettings = {
				ALWAYS_SEARCH_USER_PATHS = NO;
				ARCHS = "$(ARCHS_UNIVERSAL_IPHONE_OS)";
				"CODE_SIGN_IDENTITY[sdk=iphoneos*]" = "iPhone Developer";
				COPY_PHASE_STRIP = NO;
				GCC_C_LANGUAGE_STANDARD = gnu99;
				GCC_DYNAMIC_NO_PIC = NO;
				GCC_OPTIMIZATION_LEVEL = 0;
				GCC_PREPROCESSOR_DEFINITIONS = (
					"DEBUG=1",
					"$(inherited)",
				);
				GCC_SYMBOLS_PRIVATE_EXTERN = NO;
				GCC_VERSION = com.apple.compilers.llvmgcc42;
				GCC_WARN_ABOUT_MISSING_PROTOTYPES = YES;
				GCC_WARN_ABOUT_RETURN_TYPE = YES;
				GCC_WARN_UNUSED_VARIABLE = YES;
				IPHONEOS_DEPLOYMENT_TARGET = 4.3;
				SDKROOT = iphoneos;
				TARGETED_DEVICE_FAMILY = 2;
			};
			name = Debug;
		};
		C93641F01426B98500FBF7A6 /* Release */ = {
			isa = XCBuildConfiguration;
			buildSettings = {
				ALWAYS_SEARCH_USER_PATHS = NO;
				ARCHS = "$(ARCHS_UNIVERSAL_IPHONE_OS)";
				"CODE_SIGN_IDENTITY[sdk=iphoneos*]" = "iPhone Developer";
				COPY_PHASE_STRIP = YES;
				GCC_C_LANGUAGE_STANDARD = gnu99;
				GCC_VERSION = com.apple.compilers.llvmgcc42;
				GCC_WARN_ABOUT_MISSING_PROTOTYPES = YES;
				GCC_WARN_ABOUT_RETURN_TYPE = YES;
				GCC_WARN_UNUSED_VARIABLE = YES;
				IPHONEOS_DEPLOYMENT_TARGET = 4.3;
				OTHER_CFLAGS = "-DNS_BLOCK_ASSERTIONS=1";
				SDKROOT = iphoneos;
				TARGETED_DEVICE_FAMILY = 2;
				VALIDATE_PRODUCT = YES;
			};
			name = Release;
		};
		C93641F21426B98500FBF7A6 /* Debug */ = {
			isa = XCBuildConfiguration;
			buildSettings = {
				GCC_PRECOMPILE_PREFIX_HEADER = YES;
				GCC_PREFIX_HEADER = "DataTable/DataTable-Prefix.pch";
				INFOPLIST_FILE = "DataTable/DataTable-Info.plist";
				PRODUCT_NAME = "$(TARGET_NAME)";
				WRAPPER_EXTENSION = app;
			};
			name = Debug;
		};
		C93641F31426B98500FBF7A6 /* Release */ = {
			isa = XCBuildConfiguration;
			buildSettings = {
				GCC_PRECOMPILE_PREFIX_HEADER = YES;
				GCC_PREFIX_HEADER = "DataTable/DataTable-Prefix.pch";
				INFOPLIST_FILE = "DataTable/DataTable-Info.plist";
				PRODUCT_NAME = "$(TARGET_NAME)";
				WRAPPER_EXTENSION = app;
			};
			name = Release;
		};
/* End XCBuildConfiguration section */

/* Begin XCConfigurationList section */
		C93641D01426B98500FBF7A6 /* Build configuration list for PBXProject "DataTable" */ = {
			isa = XCConfigurationList;
			buildConfigurations = (
				C93641EF1426B98500FBF7A6 /* Debug */,
				C93641F01426B98500FBF7A6 /* Release */,
			);
			defaultConfigurationIsVisible = 0;
			defaultConfigurationName = Release;
		};
		C93641F11426B98500FBF7A6 /* Build configuration list for PBXNativeTarget "DataTable" */ = {
			isa = XCConfigurationList;
			buildConfigurations = (
				C93641F21426B98500FBF7A6 /* Debug */,
				C93641F31426B98500FBF7A6 /* Release */,
			);
			defaultConfigurationIsVisible = 0;
		};
/* End XCConfigurationList section */
	};
	rootObject = C93641CD1426B98500FBF7A6 /* Project object */;
}
